// !$*UTF8*$!
{
	archiveVersion = 1;
	classes = {
	};
	objectVersion = 77;
	objects = {

/* Begin PBXBuildFile section */
		2388064A590C701231939C27 /* LoritoApp.swift in Sources */ = {isa = PBXBuildFile; fileRef = 5DB7A78119CE11C80562D860 /* LoritoApp.swift */; };
		430A9AEB24C809871297FC75 /* SnapshotHelper.swift in Sources */ = {isa = PBXBuildFile; fileRef = D78372215973504DA2A40278 /* SnapshotHelper.swift */; };
		534B5D6160D623445F6F1D2A /* ScreenshotUITests.swift in Sources */ = {isa = PBXBuildFile; fileRef = C225FB8BD31FDFD266F6827E /* ScreenshotUITests.swift */; };
		6576280698353B98FBA98459 /* Features in Frameworks */ = {isa = PBXBuildFile; productRef = FEDD976A8081DBF1D3B25E5C /* Features */; };
		8209D979C2BFFEE316F2EB8D /* Assets.xcassets in Resources */ = {isa = PBXBuildFile; fileRef = EE2BA15F599EE1E54712565E /* Assets.xcassets */; };
/* End PBXBuildFile section */

/* Begin PBXContainerItemProxy section */
		A1B5A90BA8C74A5BCF18AA36 /* PBXContainerItemProxy */ = {
			isa = PBXContainerItemProxy;
			containerPortal = C9EDA45D29B062ADDA1BB778 /* Project object */;
			proxyType = 1;
			remoteGlobalIDString = 684FF0B98A8A63DAEDDB83DE;
			remoteInfo = Lorito;
		};
/* End PBXContainerItemProxy section */

/* Begin PBXFileReference section */
		5DB7A78119CE11C80562D860 /* LoritoApp.swift */ = {isa = PBXFileReference; lastKnownFileType = sourcecode.swift; path = LoritoApp.swift; sourceTree = "<group>"; };
		6AEAF0A426D46413D8EAD129 /* LoritoUITests.xctest */ = {isa = PBXFileReference; includeInIndex = 0; lastKnownFileType = wrapper.cfbundle; path = LoritoUITests.xctest; sourceTree = BUILT_PRODUCTS_DIR; };
		8FE00357D1B781548532B636 /* Lorito.app */ = {isa = PBXFileReference; includeInIndex = 0; lastKnownFileType = wrapper.application; path = Lorito.app; sourceTree = BUILT_PRODUCTS_DIR; };
		C225FB8BD31FDFD266F6827E /* ScreenshotUITests.swift */ = {isa = PBXFileReference; lastKnownFileType = sourcecode.swift; path = ScreenshotUITests.swift; sourceTree = "<group>"; };
		CFB23746047EB5ED4339983A /* LoritoKit */ = {isa = PBXFileReference; lastKnownFileType = folder; name = LoritoKit; path = Packages/LoritoKit; sourceTree = SOURCE_ROOT; };
		D78372215973504DA2A40278 /* SnapshotHelper.swift */ = {isa = PBXFileReference; lastKnownFileType = sourcecode.swift; path = SnapshotHelper.swift; sourceTree = "<group>"; };
		EE2BA15F599EE1E54712565E /* Assets.xcassets */ = {isa = PBXFileReference; lastKnownFileType = folder.assetcatalog; path = Assets.xcassets; sourceTree = "<group>"; };
/* End PBXFileReference section */

/* Begin PBXFrameworksBuildPhase section */
		492EF544D36B96CDEB674E7C /* Frameworks */ = {
			isa = PBXFrameworksBuildPhase;
			buildActionMask = 2147483647;
			files = (
				6576280698353B98FBA98459 /* Features in Frameworks */,
			);
			runOnlyForDeploymentPostprocessing = 0;
		};
/* End PBXFrameworksBuildPhase section */

/* Begin PBXGroup section */
		0861D20A2471189299457D23 /* Sources */ = {
			isa = PBXGroup;
			children = (
				5DB7A78119CE11C80562D860 /* LoritoApp.swift */,
			);
			path = Sources;
			sourceTree = "<group>";
		};
		29A2FC8F1B511B1F18F61694 /* LoritoUITests */ = {
			isa = PBXGroup;
			children = (
				C225FB8BD31FDFD266F6827E /* ScreenshotUITests.swift */,
				D78372215973504DA2A40278 /* SnapshotHelper.swift */,
			);
			path = LoritoUITests;
			sourceTree = "<group>";
		};
		960C2C4EE73E7F1BA294B645 /* Packages */ = {
			isa = PBXGroup;
			children = (
				CFB23746047EB5ED4339983A /* LoritoKit */,
			);
			path = Packages;
			sourceTree = "<group>";
		};
		E89B62B53314643201CAF493 /* Lorito */ = {
			isa = PBXGroup;
			children = (
				EE2BA15F599EE1E54712565E /* Assets.xcassets */,
				0861D20A2471189299457D23 /* Sources */,
			);
			path = Lorito;
			sourceTree = "<group>";
		};
		EA1F67BD3A0C9D8A3BA2E3FE = {
			isa = PBXGroup;
			children = (
				E89B62B53314643201CAF493 /* Lorito */,
				29A2FC8F1B511B1F18F61694 /* LoritoUITests */,
				960C2C4EE73E7F1BA294B645 /* Packages */,
				F5FD0D58841A638282042397 /* Products */,
			);
			sourceTree = "<group>";
		};
		F5FD0D58841A638282042397 /* Products */ = {
			isa = PBXGroup;
			children = (
				8FE00357D1B781548532B636 /* Lorito.app */,
				6AEAF0A426D46413D8EAD129 /* LoritoUITests.xctest */,
			);
			name = Products;
			sourceTree = "<group>";
		};
/* End PBXGroup section */

/* Begin PBXNativeTarget section */
		684FF0B98A8A63DAEDDB83DE /* Lorito */ = {
			isa = PBXNativeTarget;
			buildConfigurationList = 74A2175A8E350CEC38541733 /* Build configuration list for PBXNativeTarget "Lorito" */;
			buildPhases = (
				573A0F214DBF2F4E50691BB6 /* Sources */,
				1E565CA70607C3F578F4F13C /* Resources */,
				492EF544D36B96CDEB674E7C /* Frameworks */,
			);
			buildRules = (
			);
			dependencies = (
			);
			name = Lorito;
			packageProductDependencies = (
				FEDD976A8081DBF1D3B25E5C /* Features */,
			);
			productName = Lorito;
			productReference = 8FE00357D1B781548532B636 /* Lorito.app */;
			productType = "com.apple.product-type.application";
		};
		DB427B0CCF048604DC38D2C0 /* LoritoUITests */ = {
			isa = PBXNativeTarget;
			buildConfigurationList = 9DFE9E0C48D7A0B0E0E56755 /* Build configuration list for PBXNativeTarget "LoritoUITests" */;
			buildPhases = (
				C4C56EB1857E32F2DDAAE892 /* Sources */,
			);
			buildRules = (
			);
			dependencies = (
				B14C337070C3352913F84F11 /* PBXTargetDependency */,
			);
			name = LoritoUITests;
			packageProductDependencies = (
			);
			productName = LoritoUITests;
			productReference = 6AEAF0A426D46413D8EAD129 /* LoritoUITests.xctest */;
			productType = "com.apple.product-type.bundle.ui-testing";
		};
/* End PBXNativeTarget section */

/* Begin PBXProject section */
		C9EDA45D29B062ADDA1BB778 /* Project object */ = {
			isa = PBXProject;
			attributes = {
				BuildIndependentTargetsInParallel = YES;
				LastUpgradeCheck = 1430;
				TargetAttributes = {
					684FF0B98A8A63DAEDDB83DE = {
						DevelopmentTeam = 3GWRDGA8B7;
						ProvisioningStyle = Automatic;
					};
					DB427B0CCF048604DC38D2C0 = {
						DevelopmentTeam = 3GWRDGA8B7;
						ProvisioningStyle = Automatic;
						TestTargetID = 684FF0B98A8A63DAEDDB83DE;
					};
				};
			};
			buildConfigurationList = 4B376F3A91DD033E038CE66D /* Build configuration list for PBXProject "Lorito" */;
			developmentRegion = en;
			hasScannedForEncodings = 0;
			knownRegions = (
				Base,
				en,
			);
			mainGroup = EA1F67BD3A0C9D8A3BA2E3FE;
			minimizedProjectReferenceProxies = 1;
			packageReferences = (
				00661622EEC7F2A5584D13BD /* XCLocalSwiftPackageReference "Packages/LoritoKit" */,
			);
			preferredProjectObjectVersion = 77;
			productRefGroup = F5FD0D58841A638282042397 /* Products */;
			projectDirPath = "";
			projectRoot = "";
			targets = (
				684FF0B98A8A63DAEDDB83DE /* Lorito */,
				DB427B0CCF048604DC38D2C0 /* LoritoUITests */,
			);
		};
/* End PBXProject section */

/* Begin PBXResourcesBuildPhase section */
		1E565CA70607C3F578F4F13C /* Resources */ = {
			isa = PBXResourcesBuildPhase;
			buildActionMask = 2147483647;
			files = (
				8209D979C2BFFEE316F2EB8D /* Assets.xcassets in Resources */,
			);
			runOnlyForDeploymentPostprocessing = 0;
		};
/* End PBXResourcesBuildPhase section */

/* Begin PBXSourcesBuildPhase section */
		573A0F214DBF2F4E50691BB6 /* Sources */ = {
			isa = PBXSourcesBuildPhase;
			buildActionMask = 2147483647;
			files = (
				2388064A590C701231939C27 /* LoritoApp.swift in Sources */,
			);
			runOnlyForDeploymentPostprocessing = 0;
		};
		C4C56EB1857E32F2DDAAE892 /* Sources */ = {
			isa = PBXSourcesBuildPhase;
			buildActionMask = 2147483647;
			files = (
				534B5D6160D623445F6F1D2A /* ScreenshotUITests.swift in Sources */,
				430A9AEB24C809871297FC75 /* SnapshotHelper.swift in Sources */,
			);
			runOnlyForDeploymentPostprocessing = 0;
		};
/* End PBXSourcesBuildPhase section */

/* Begin PBXTargetDependency section */
		B14C337070C3352913F84F11 /* PBXTargetDependency */ = {
			isa = PBXTargetDependency;
			target = 684FF0B98A8A63DAEDDB83DE /* Lorito */;
			targetProxy = A1B5A90BA8C74A5BCF18AA36 /* PBXContainerItemProxy */;
		};
/* End PBXTargetDependency section */

/* Begin XCBuildConfiguration section */
		2DABBA84163D112D0935247F /* Release */ = {
			isa = XCBuildConfiguration;
			buildSettings = {
				ASSETCATALOG_COMPILER_APPICON_NAME = AppIcon;
				CODE_SIGN_IDENTITY = "iPhone Developer";
				CODE_SIGN_STYLE = Automatic;
				CURRENT_PROJECT_VERSION = 1;
				DEVELOPMENT_TEAM = 3GWRDGA8B7;
				GENERATE_INFOPLIST_FILE = YES;
				INFOPLIST_KEY_CFBundleDisplayName = "Lorito Español";
				INFOPLIST_KEY_ITSAppUsesNonExemptEncryption = NO;
				INFOPLIST_KEY_UIApplicationSceneManifest_Generation = YES;
				INFOPLIST_KEY_UILaunchScreen_Generation = YES;
				INFOPLIST_KEY_UISupportedInterfaceOrientations = UIInterfaceOrientationPortrait;
				LD_RUNPATH_SEARCH_PATHS = (
					"$(inherited)",
					"@executable_path/Frameworks",
				);
				MARKETING_VERSION = 1.0;
				PRODUCT_BUNDLE_IDENTIFIER = com.toffguy.lorito;
				SDKROOT = iphoneos;
				SWIFT_VERSION = 6.0;
				TARGETED_DEVICE_FAMILY = 1;
			};
			name = Release;
		};
		349E90040A4738D862F45344 /* Debug */ = {
			isa = XCBuildConfiguration;
			buildSettings = {
				BUNDLE_LOADER = "$(TEST_HOST)";
				CODE_SIGN_STYLE = Automatic;
				DEVELOPMENT_TEAM = 3GWRDGA8B7;
				GENERATE_INFOPLIST_FILE = YES;
				LD_RUNPATH_SEARCH_PATHS = (
					"$(inherited)",
					"@executable_path/Frameworks",
					"@loader_path/Frameworks",
				);
				PRODUCT_BUNDLE_IDENTIFIER = com.toffguy.lorito.uitests;
				SDKROOT = iphoneos;
				TARGETED_DEVICE_FAMILY = "1,2";
				TEST_TARGET_NAME = Lorito;
			};
			name = Debug;
		};
		3BE430661D279FBF7E77DDAE /* Release */ = {
			isa = XCBuildConfiguration;
			buildSettings = {
				BUNDLE_LOADER = "$(TEST_HOST)";
				CODE_SIGN_STYLE = Automatic;
				DEVELOPMENT_TEAM = 3GWRDGA8B7;
				GENERATE_INFOPLIST_FILE = YES;
				LD_RUNPATH_SEARCH_PATHS = (
					"$(inherited)",
					"@executable_path/Frameworks",
					"@loader_path/Frameworks",
				);
				PRODUCT_BUNDLE_IDENTIFIER = com.toffguy.lorito.uitests;
				SDKROOT = iphoneos;
				TARGETED_DEVICE_FAMILY = "1,2";
				TEST_TARGET_NAME = Lorito;
			};
			name = Release;
		};
		8A1F45E232BC9BC525449BC2 /* Release */ = {
			isa = XCBuildConfiguration;
			buildSettings = {
				ALWAYS_SEARCH_USER_PATHS = NO;
				CLANG_ANALYZER_NONNULL = YES;
				CLANG_ANALYZER_NUMBER_OBJECT_CONVERSION = YES_AGGRESSIVE;
				CLANG_CXX_LANGUAGE_STANDARD = "gnu++14";
				CLANG_CXX_LIBRARY = "libc++";
				CLANG_ENABLE_MODULES = YES;
				CLANG_ENABLE_OBJC_ARC = YES;
				CLANG_ENABLE_OBJC_WEAK = YES;
				CLANG_WARN_BLOCK_CAPTURE_AUTORELEASING = YES;
				CLANG_WARN_BOOL_CONVERSION = YES;
				CLANG_WARN_COMMA = YES;
				CLANG_WARN_CONSTANT_CONVERSION = YES;
				CLANG_WARN_DEPRECATED_OBJC_IMPLEMENTATIONS = YES;
				CLANG_WARN_DIRECT_OBJC_ISA_USAGE = YES_ERROR;
				CLANG_WARN_DOCUMENTATION_COMMENTS = YES;
				CLANG_WARN_EMPTY_BODY = YES;
				CLANG_WARN_ENUM_CONVERSION = YES;
				CLANG_WARN_INFINITE_RECURSION = YES;
				CLANG_WARN_INT_CONVERSION = YES;
				CLANG_WARN_NON_LITERAL_NULL_CONVERSION = YES;
				CLANG_WARN_OBJC_IMPLICIT_RETAIN_SELF = YES;
				CLANG_WARN_OBJC_LITERAL_CONVERSION = YES;
				CLANG_WARN_OBJC_ROOT_CLASS = YES_ERROR;
				CLANG_WARN_QUOTED_INCLUDE_IN_FRAMEWORK_HEADER = YES;
				CLANG_WARN_RANGE_LOOP_ANALYSIS = YES;
				CLANG_WARN_STRICT_PROTOTYPES = YES;
				CLANG_WARN_SUSPICIOUS_MOVE = YES;
				CLANG_WARN_UNGUARDED_AVAILABILITY = YES_AGGRESSIVE;
				CLANG_WARN_UNREACHABLE_CODE = YES;
				CLANG_WARN__DUPLICATE_METHOD_MATCH = YES;
				COPY_PHASE_STRIP = NO;
				DEBUG_INFORMATION_FORMAT = "dwarf-with-dsym";
				ENABLE_NS_ASSERTIONS = NO;
				ENABLE_STRICT_OBJC_MSGSEND = YES;
				GCC_C_LANGUAGE_STANDARD = gnu11;
				GCC_NO_COMMON_BLOCKS = YES;
				GCC_WARN_64_TO_32_BIT_CONVERSION = YES;
				GCC_WARN_ABOUT_RETURN_TYPE = YES_ERROR;
				GCC_WARN_UNDECLARED_SELECTOR = YES;
				GCC_WARN_UNINITIALIZED_AUTOS = YES_AGGRESSIVE;
				GCC_WARN_UNUSED_FUNCTION = YES;
				GCC_WARN_UNUSED_VARIABLE = YES;
				IPHONEOS_DEPLOYMENT_TARGET = 17.0;
				MTL_ENABLE_DEBUG_INFO = NO;
				MTL_FAST_MATH = YES;
				PRODUCT_NAME = "$(TARGET_NAME)";
				SDKROOT = iphoneos;
				SWIFT_COMPILATION_MODE = wholemodule;
				SWIFT_OPTIMIZATION_LEVEL = "-O";
				SWIFT_VERSION = 5.0;
			};
			name = Release;
		};
		9258A8625489D6F5F29B95E3 /* Debug */ = {
			isa = XCBuildConfiguration;
			buildSettings = {
				ALWAYS_SEARCH_USER_PATHS = NO;
				CLANG_ANALYZER_NONNULL = YES;
				CLANG_ANALYZER_NUMBER_OBJECT_CONVERSION = YES_AGGRESSIVE;
				CLANG_CXX_LANGUAGE_STANDARD = "gnu++14";
				CLANG_CXX_LIBRARY = "libc++";
				CLANG_ENABLE_MODULES = YES;
				CLANG_ENABLE_OBJC_ARC = YES;
				CLANG_ENABLE_OBJC_WEAK = YES;
				CLANG_WARN_BLOCK_CAPTURE_AUTORELEASING = YES;
				CLANG_WARN_BOOL_CONVERSION = YES;
				CLANG_WARN_COMMA = YES;
				CLANG_WARN_CONSTANT_CONVERSION = YES;
				CLANG_WARN_DEPRECATED_OBJC_IMPLEMENTATIONS = YES;
				CLANG_WARN_DIRECT_OBJC_ISA_USAGE = YES_ERROR;
				CLANG_WARN_DOCUMENTATION_COMMENTS = YES;
				CLANG_WARN_EMPTY_BODY = YES;
				CLANG_WARN_ENUM_CONVERSION = YES;
				CLANG_WARN_INFINITE_RECURSION = YES;
				CLANG_WARN_INT_CONVERSION = YES;
				CLANG_WARN_NON_LITERAL_NULL_CONVERSION = YES;
				CLANG_WARN_OBJC_IMPLICIT_RETAIN_SELF = YES;
				CLANG_WARN_OBJC_LITERAL_CONVERSION = YES;
				CLANG_WARN_OBJC_ROOT_CLASS = YES_ERROR;
				CLANG_WARN_QUOTED_INCLUDE_IN_FRAMEWORK_HEADER = YES;
				CLANG_WARN_RANGE_LOOP_ANALYSIS = YES;
				CLANG_WARN_STRICT_PROTOTYPES = YES;
				CLANG_WARN_SUSPICIOUS_MOVE = YES;
				CLANG_WARN_UNGUARDED_AVAILABILITY = YES_AGGRESSIVE;
				CLANG_WARN_UNREACHABLE_CODE = YES;
				CLANG_WARN__DUPLICATE_METHOD_MATCH = YES;
				COPY_PHASE_STRIP = NO;
				DEBUG_INFORMATION_FORMAT = dwarf;
				ENABLE_STRICT_OBJC_MSGSEND = YES;
				ENABLE_TESTABILITY = YES;
				GCC_C_LANGUAGE_STANDARD = gnu11;
				GCC_DYNAMIC_NO_PIC = NO;
				GCC_NO_COMMON_BLOCKS = YES;
				GCC_OPTIMIZATION_LEVEL = 0;
				GCC_PREPROCESSOR_DEFINITIONS = (
					"$(inherited)",
					"DEBUG=1",
				);
				GCC_WARN_64_TO_32_BIT_CONVERSION = YES;
				GCC_WARN_ABOUT_RETURN_TYPE = YES_ERROR;
				GCC_WARN_UNDECLARED_SELECTOR = YES;
				GCC_WARN_UNINITIALIZED_AUTOS = YES_AGGRESSIVE;
				GCC_WARN_UNUSED_FUNCTION = YES;
				GCC_WARN_UNUSED_VARIABLE = YES;
				IPHONEOS_DEPLOYMENT_TARGET = 17.0;
				MTL_ENABLE_DEBUG_INFO = INCLUDE_SOURCE;
				MTL_FAST_MATH = YES;
				ONLY_ACTIVE_ARCH = YES;
				PRODUCT_NAME = "$(TARGET_NAME)";
				SDKROOT = iphoneos;
				SWIFT_ACTIVE_COMPILATION_CONDITIONS = DEBUG;
				SWIFT_OPTIMIZATION_LEVEL = "-Onone";
				SWIFT_VERSION = 5.0;
			};
			name = Debug;
		};
		E09B80C05FEBD664E52EBCBC /* Debug */ = {
			isa = XCBuildConfiguration;
			buildSettings = {
				ASSETCATALOG_COMPILER_APPICON_NAME = AppIcon;
				CODE_SIGN_IDENTITY = "iPhone Developer";
				CODE_SIGN_STYLE = Automatic;
				CURRENT_PROJECT_VERSION = 1;
				DEVELOPMENT_TEAM = 3GWRDGA8B7;
				GENERATE_INFOPLIST_FILE = YES;
				INFOPLIST_KEY_CFBundleDisplayName = "Lorito Español";
				INFOPLIST_KEY_ITSAppUsesNonExemptEncryption = NO;
				INFOPLIST_KEY_UIApplicationSceneManifest_Generation = YES;
				INFOPLIST_KEY_UILaunchScreen_Generation = YES;
				INFOPLIST_KEY_UISupportedInterfaceOrientations = UIInterfaceOrientationPortrait;
				LD_RUNPATH_SEARCH_PATHS = (
					"$(inherited)",
					"@executable_path/Frameworks",
				);
				MARKETING_VERSION = 1.0;
				PRODUCT_BUNDLE_IDENTIFIER = com.toffguy.lorito;
				SDKROOT = iphoneos;
				SWIFT_VERSION = 6.0;
				TARGETED_DEVICE_FAMILY = 1;
			};
			name = Debug;
		};
/* End XCBuildConfiguration section */

/* Begin XCConfigurationList section */
		4B376F3A91DD033E038CE66D /* Build configuration list for PBXProject "Lorito" */ = {
			isa = XCConfigurationList;
			buildConfigurations = (
				9258A8625489D6F5F29B95E3 /* Debug */,
				8A1F45E232BC9BC525449BC2 /* Release */,
			);
			defaultConfigurationIsVisible = 0;
			defaultConfigurationName = Debug;
		};
		74A2175A8E350CEC38541733 /* Build configuration list for PBXNativeTarget "Lorito" */ = {
			isa = XCConfigurationList;
			buildConfigurations = (
				E09B80C05FEBD664E52EBCBC /* Debug */,
				2DABBA84163D112D0935247F /* Release */,
			);
			defaultConfigurationIsVisible = 0;
			defaultConfigurationName = Debug;
		};
		9DFE9E0C48D7A0B0E0E56755 /* Build configuration list for PBXNativeTarget "LoritoUITests" */ = {
			isa = XCConfigurationList;
			buildConfigurations = (
				349E90040A4738D862F45344 /* Debug */,
				3BE430661D279FBF7E77DDAE /* Release */,
			);
			defaultConfigurationIsVisible = 0;
			defaultConfigurationName = Debug;
		};
/* End XCConfigurationList section */

/* Begin XCLocalSwiftPackageReference section */
		00661622EEC7F2A5584D13BD /* XCLocalSwiftPackageReference "Packages/LoritoKit" */ = {
			isa = XCLocalSwiftPackageReference;
			relativePath = Packages/LoritoKit;
		};
/* End XCLocalSwiftPackageReference section */

/* Begin XCSwiftPackageProductDependency section */
		FEDD976A8081DBF1D3B25E5C /* Features */ = {
			isa = XCSwiftPackageProductDependency;
			productName = Features;
		};
/* End XCSwiftPackageProductDependency section */
	};
	rootObject = C9EDA45D29B062ADDA1BB778 /* Project object */;
}
